{
  "version": "v1",
  "packages": {
    "sanity-plugin-iframe-pane": {
      "signature": "1539c7c052096358480f5e57ea4c4c25",
      "replaced": "link:.yalc/sanity-plugin-iframe-pane"
    },
    "sanity-plugin-internationalized-array": {
      "signature": "d5e9ac0506acd04ad4737d5803cd3378"
    }
  }
}